
Microsoft Visual Studio Solution File, Format Version 12.00
# Visual Studio Version 16
VisualStudioVersion = 16.0.31515.178
MinimumVisualStudioVersion = 10.0.40219.1
Project("{8BC9CEB8-8B4A-11D0-8D11-00A0C91BC942}") = "CommonDemo", "CommonDemo\CommonDemo.vcxproj", "{28471062-BC0F-4FA3-901E-CB11D076B781}"
EndProject
Project("{2150E333-8FDC-42A3-9474-1A3956D46DE8}") = "APC注入", "APC注入", "{3BD1B0A6-74C0-483B-A771-2871F0C4E0FE}"
EndProject
Project("{8BC9CEB8-8B4A-11D0-8D11-00A0C91BC942}") = "APC_Test", "..\APC注入\APC_Test\APC_Test\APC_Test.vcxproj", "{14D6DE48-B223-4321-97D2-C9AAF5B72AC6}"
EndProject
Project("{8BC9CEB8-8B4A-11D0-8D11-00A0C91BC942}") = "TestDll", "..\APC注入\APC_Test\TestDll\TestDll.vcxproj", "{D2525B72-F760-473F-AE8A-6801FA4EFAD4}"
EndProject
Project("{2150E333-8FDC-42A3-9474-1A3956D46DE8}") = "Bypass UAC", "Bypass UAC", "{8F1BCEAE-8369-4494-8EA0-0B105C92858A}"
EndProject
Project("{8BC9CEB8-8B4A-11D0-8D11-00A0C91BC942}") = "BypassUAC1_Test", "..\Bypass UAC\BypassUAC1_Test\BypassUAC1_Test\BypassUAC1_Test.vcxproj", "{2D7AD2A9-F981-40D2-AA1E-239371113046}"
EndProject
Project("{8BC9CEB8-8B4A-11D0-8D11-00A0C91BC942}") = "BypassUAC2_Test", "..\Bypass UAC\BypassUAC2_Test\BypassUAC2_Test\BypassUAC2_Test.vcxproj", "{5B8376D5-613C-48EB-8CB4-0DED13A8717A}"
EndProject
Project("{2150E333-8FDC-42A3-9474-1A3956D46DE8}") = "Crypto++密码库", "Crypto++密码库", "{F75D2609-A7AA-4645-886C-5BBDBE74236A}"
EndProject
Project("{8BC9CEB8-8B4A-11D0-8D11-00A0C91BC942}") = "AES_Test", "..\Crypto++密码库\AES_Test\AES_Test\AES_Test.vcxproj", "{65BBE857-AEE2-4CDA-B769-71BDA9DCE624}"
EndProject
Project("{8BC9CEB8-8B4A-11D0-8D11-00A0C91BC942}") = "MD5_Test", "..\Crypto++密码库\MD5_Test\MD5_Test\MD5_Test.vcxproj", "{E7120226-B737-4A18-B830-B378F022BD0A}"
EndProject
Project("{8BC9CEB8-8B4A-11D0-8D11-00A0C91BC942}") = "RSA_Test", "..\Crypto++密码库\RSA_Test\RSA_Test\RSA_Test.vcxproj", "{25F1F121-B1B3-49AA-8785-4FC2821516DF}"
EndProject
Project("{8BC9CEB8-8B4A-11D0-8D11-00A0C91BC942}") = "SHA1_Test", "..\Crypto++密码库\SHA1_Test\SHA1_Test\SHA1_Test.vcxproj", "{112BBB32-F5FD-413B-9588-770C2DD41BD0}"
EndProject
Project("{8BC9CEB8-8B4A-11D0-8D11-00A0C91BC942}") = "SHA256_Test", "..\Crypto++密码库\SHA256_Test\SHA256_Test\SHA256_Test.vcxproj", "{D14E7BAF-1760-42B9-B737-895C8B0EE67C}"
EndProject
Project("{2150E333-8FDC-42A3-9474-1A3956D46DE8}") = "DLL劫持", "DLL劫持", "{C2B1A65C-E03B-4EDE-BCAD-93000B730615}"
EndProject
Project("{2150E333-8FDC-42A3-9474-1A3956D46DE8}") = "DLL延时加载", "DLL延时加载", "{76BBAE6D-5642-4CF0-9E5B-F9AD893DDB8A}"
EndProject
Project("{2150E333-8FDC-42A3-9474-1A3956D46DE8}") = "FTP通信", "FTP通信", "{98FB4656-B74F-4B47-AFAC-622067669EC6}"
EndProject
Project("{2150E333-8FDC-42A3-9474-1A3956D46DE8}") = "HTTPS通信", "HTTPS通信", "{1940EF52-6EB4-4E0B-8C42-B5F792B37091}"
EndProject
Project("{2150E333-8FDC-42A3-9474-1A3956D46DE8}") = "HTTP通信", "HTTP通信", "{6FC19414-6B58-456A-8032-1A6D55A87A37}"
EndProject
Project("{2150E333-8FDC-42A3-9474-1A3956D46DE8}") = "Socket通信", "Socket通信", "{19FD7B0E-7C67-458E-A89D-B463A0F7825A}"
EndProject
Project("{2150E333-8FDC-42A3-9474-1A3956D46DE8}") = "U盘监控", "U盘监控", "{634F6AEE-4FCA-4D0A-B774-D51127BE25C7}"
EndProject
Project("{2150E333-8FDC-42A3-9474-1A3956D46DE8}") = "ZLIB压缩库", "ZLIB压缩库", "{F8D397AE-08AE-48DC-AFAB-E32C95701E5B}"
EndProject
Project("{2150E333-8FDC-42A3-9474-1A3956D46DE8}") = "按键记录", "按键记录", "{44C0A382-306A-4E63-9F29-3D21CEC3CDCD}"
EndProject
Project("{2150E333-8FDC-42A3-9474-1A3956D46DE8}") = "创建进程API", "创建进程API", "{A123B134-07FA-4296-8C48-FA587A3271B0}"
EndProject
Project("{2150E333-8FDC-42A3-9474-1A3956D46DE8}") = "单一运行实例", "单一运行实例", "{F27B4625-3FBA-4012-966A-C3E2C3CE576A}"
EndProject
Project("{2150E333-8FDC-42A3-9474-1A3956D46DE8}") = "计划任务", "计划任务", "{F6DCE002-BA32-4A50-8C29-D8F8118C866A}"
EndProject
Project("{2150E333-8FDC-42A3-9474-1A3956D46DE8}") = "进程遍历", "进程遍历", "{B43189BD-BBDC-401B-A720-C363074976C4}"
EndProject
Project("{2150E333-8FDC-42A3-9474-1A3956D46DE8}") = "进程访问令牌权限提升", "进程访问令牌权限提升", "{F22DE1AC-6E16-4E62-8A2F-DBF0B0181507}"
EndProject
Project("{2150E333-8FDC-42A3-9474-1A3956D46DE8}") = "进程伪装", "进程伪装", "{19AA8102-EEB6-4BF5-8951-80F5E6A7130A}"
EndProject
Project("{2150E333-8FDC-42A3-9474-1A3956D46DE8}") = "进程隐藏", "进程隐藏", "{EA4CCFEB-81D9-41CF-AF38-A1C9D066126C}"
EndProject
Project("{2150E333-8FDC-42A3-9474-1A3956D46DE8}") = "快速启动目录", "快速启动目录", "{A2FEE4E0-1233-4B77-ABF7-EAEEF5AF56D0}"
EndProject
Project("{2150E333-8FDC-42A3-9474-1A3956D46DE8}") = "傀儡进程", "傀儡进程", "{BF246011-871B-4DFD-89B7-753EA4F8AA43}"
EndProject
Project("{2150E333-8FDC-42A3-9474-1A3956D46DE8}") = "内存直接加载运行", "内存直接加载运行", "{449F802E-AF41-439E-8935-F98D0B887B43}"
EndProject
Project("{2150E333-8FDC-42A3-9474-1A3956D46DE8}") = "全局钩子注入", "全局钩子注入", "{A099C9E2-8ADF-4FF8-8129-79E83DB439C7}"
EndProject
Project("{2150E333-8FDC-42A3-9474-1A3956D46DE8}") = "数据加密API", "数据加密API", "{C7F3AFEA-BF4B-4609-A46D-A7601EEB602B}"
EndProject
Project("{2150E333-8FDC-42A3-9474-1A3956D46DE8}") = "数据压缩API", "数据压缩API", "{011C5CFC-665E-46DB-B120-A328DC308D3E}"
EndProject
Project("{2150E333-8FDC-42A3-9474-1A3956D46DE8}") = "突破SESSION 0隔离创建用户进程", "突破SESSION 0隔离创建用户进程", "{38518F0B-69BF-452A-9CC1-21BD146D3BFF}"
EndProject
Project("{2150E333-8FDC-42A3-9474-1A3956D46DE8}") = "突破SESSION0隔离的远线程注入", "突破SESSION0隔离的远线程注入", "{B0233728-D62D-43CF-89C3-F6D5CA2C8D2E}"
EndProject
Project("{2150E333-8FDC-42A3-9474-1A3956D46DE8}") = "文件遍历", "文件遍历", "{05B014C2-1BE9-4BDD-9E76-531A5EA37CED}"
EndProject
Project("{2150E333-8FDC-42A3-9474-1A3956D46DE8}") = "文件监控", "文件监控", "{D35C9493-B5EE-49B8-B1CD-A7A534E0C920}"
EndProject
Project("{2150E333-8FDC-42A3-9474-1A3956D46DE8}") = "系统服务", "系统服务", "{45EB090C-A3AE-4246-BA73-7F74B810324D}"
EndProject
Project("{2150E333-8FDC-42A3-9474-1A3956D46DE8}") = "远程CMD", "远程CMD", "{C9DE58DA-111D-41D5-9703-35C0FA75D3AA}"
EndProject
Project("{2150E333-8FDC-42A3-9474-1A3956D46DE8}") = "远线程注入", "远线程注入", "{2097A682-4BC3-43EF-87C3-65945CE265B7}"
EndProject
Project("{2150E333-8FDC-42A3-9474-1A3956D46DE8}") = "注册表", "注册表", "{1C172815-618E-49CB-81EA-C397392A6E98}"
EndProject
Project("{2150E333-8FDC-42A3-9474-1A3956D46DE8}") = "桌面截屏", "桌面截屏", "{8BF6FAF8-BFEB-4606-B9B8-E8815CFD7CD3}"
EndProject
Project("{2150E333-8FDC-42A3-9474-1A3956D46DE8}") = "资源释放", "资源释放", "{2D4AFE8B-0CE0-47EB-87E9-D6986AD7C9CA}"
EndProject
Project("{2150E333-8FDC-42A3-9474-1A3956D46DE8}") = "自删除", "自删除", "{5168DB15-4707-408A-94F1-3E6F5FDB719F}"
EndProject
Project("{8BC9CEB8-8B4A-11D0-8D11-00A0C91BC942}") = "DllHijack_Test", "..\DLL劫持\DllHijack_Test\DllHijack_Test\DllHijack_Test.vcxproj", "{CD04D948-23AF-4457-A6E3-2A9081F1C298}"
EndProject
Project("{8BC9CEB8-8B4A-11D0-8D11-00A0C91BC942}") = "DllHijack2_Test", "..\DLL劫持\DllHijack_Test\DllHijack2_Test\DllHijack2_Test.vcxproj", "{D0B385CF-B4CC-4CD0-A781-C9F0B5C63B6D}"
EndProject
Project("{8BC9CEB8-8B4A-11D0-8D11-00A0C91BC942}") = "DelayLoadDll_Test", "..\DLL延时加载\DelayLoadDll_Test\DelayLoadDll_Test\DelayLoadDll_Test.vcxproj", "{DEAEA2F7-49F9-488B-9BDD-0BA90B74A85F}"
EndProject
Project("{8BC9CEB8-8B4A-11D0-8D11-00A0C91BC942}") = "FTP_Download_Test", "..\FTP通信\FTP_Download_Test\FTP_Download_Test\FTP_Download_Test.vcxproj", "{DBD35793-7D3F-4AEB-928B-1AE8FB6C4998}"
EndProject
Project("{8BC9CEB8-8B4A-11D0-8D11-00A0C91BC942}") = "FTP_Upload_Test", "..\FTP通信\FTP_Upload_Test\FTP_Upload_Test\FTP_Upload_Test.vcxproj", "{8AE9A418-D2C4-4B13-A603-9C8D2622A6B1}"
EndProject
Project("{8BC9CEB8-8B4A-11D0-8D11-00A0C91BC942}") = "HTTPS_Download_Test", "..\HTTPS通信\HTTPS_Download_Test\HTTPS_Download_Test\HTTPS_Download_Test.vcxproj", "{3D22B3EE-28CE-48E6-97C3-C4A4A6786DFD}"
EndProject
Project("{8BC9CEB8-8B4A-11D0-8D11-00A0C91BC942}") = "HTTPS_Upload_Test", "..\HTTPS通信\HTTPS_Upload_Test\HTTPS_Upload_Test\HTTPS_Upload_Test.vcxproj", "{DDF44AC7-5B80-4910-A35E-D12CE072158D}"
EndProject
Project("{8BC9CEB8-8B4A-11D0-8D11-00A0C91BC942}") = "HTTP_Download_Test", "..\HTTP通信\HTTP_Download_Test\HTTP_Download_Test\HTTP_Download_Test.vcxproj", "{59695045-F498-4E07-9FB7-41C55B967F51}"
EndProject
Project("{8BC9CEB8-8B4A-11D0-8D11-00A0C91BC942}") = "HTTP_Upload_Test", "..\HTTP通信\HTTP_Upload_Test\HTTP_Upload_Test\HTTP_Upload_Test.vcxproj", "{9B42A8C3-83A1-4812-A3E4-BA0411FC2CD9}"
EndProject
Project("{8BC9CEB8-8B4A-11D0-8D11-00A0C91BC942}") = "TCP_Client", "..\Socket通信\TCP_Test\TCP_Client\TCP_Client.vcxproj", "{407D40AC-809B-4F9F-80A8-32E74262D4C3}"
EndProject
Project("{8BC9CEB8-8B4A-11D0-8D11-00A0C91BC942}") = "TCP_Server", "..\Socket通信\TCP_Test\TCP_Server\TCP_Server.vcxproj", "{3F24E95A-8AF4-41E3-A741-F3CA0AEC2E89}"
EndProject
Project("{8BC9CEB8-8B4A-11D0-8D11-00A0C91BC942}") = "UDP_Test", "..\Socket通信\UDP_Test\UDP_Test\UDP_Test.vcxproj", "{A64FCF95-C0BC-4458-B5A9-A1AC1FA5E0E5}"
EndProject
Project("{8BC9CEB8-8B4A-11D0-8D11-00A0C91BC942}") = "WM_DEVICECHANGE_MFC_Test", "..\U盘监控\WM_DEVICECHANGE_Test\WM_DEVICECHANGE_MFC_Test\WM_DEVICECHANGE_MFC_Test.vcxproj", "{B1F89B2F-ABF0-4349-9281-AFFF299B105E}"
EndProject
Project("{8BC9CEB8-8B4A-11D0-8D11-00A0C91BC942}") = "WM_DEVICECHANGE_Test", "..\U盘监控\WM_DEVICECHANGE_Test\WM_DEVICECHANGE_Test\WM_DEVICECHANGE_Test.vcxproj", "{524520B6-E80C-465E-BA5E-1DAA127C8B1C}"
EndProject
Project("{8BC9CEB8-8B4A-11D0-8D11-00A0C91BC942}") = "Zlib_Test", "..\ZLIB压缩库\Zlib_Test\Zlib_Test\Zlib_Test.vcxproj", "{5991B013-02CC-463F-B898-CF32C3E7218E}"
EndProject
Project("{8BC9CEB8-8B4A-11D0-8D11-00A0C91BC942}") = "RawInputData_Test", "..\按键记录\RawInputData_Test\RawInputData_Test\RawInputData_Test.vcxproj", "{459E5A26-8F2F-4933-AED9-7F5C96C94421}"
EndProject
Project("{8BC9CEB8-8B4A-11D0-8D11-00A0C91BC942}") = "CreateProcess_Test", "..\创建进程API\CreateProcess_Test\CreateProcess_Test\CreateProcess_Test.vcxproj", "{08671C7A-C696-4A08-938B-FFAD25A5604D}"
EndProject
Project("{8BC9CEB8-8B4A-11D0-8D11-00A0C91BC942}") = "CreateMutex_Test", "..\单一运行实例\CreateMutex_Test\CreateMutex_Test\CreateMutex_Test.vcxproj", "{FC78562C-9103-4477-9DF3-B0C6E025D341}"
EndProject
Project("{8BC9CEB8-8B4A-11D0-8D11-00A0C91BC942}") = "AutoRun_Task_Test", "..\计划任务\AutoRun_Task_Test\AutoRun_Task_Test\AutoRun_Task_Test.vcxproj", "{72D26442-FF39-438F-A920-FFD8CBB9282A}"
EndProject
Project("{8BC9CEB8-8B4A-11D0-8D11-00A0C91BC942}") = "EnumProcess_Test", "..\进程遍历\EnumProcess_Test\EnumProcess_Test\EnumProcess_Test.vcxproj", "{B344909A-E63D-49A5-ADF6-B31CF7DC86DB}"
EndProject
Project("{8BC9CEB8-8B4A-11D0-8D11-00A0C91BC942}") = "AdjustTokenPrivileges_Test", "..\进程访问令牌权限提升\AdjustTokenPrivileges_Test\AdjustTokenPrivileges_Test\AdjustTokenPrivileges_Test.vcxproj", "{9BAF2C36-41E2-491B-98A5-AC0BC0492FE5}"
EndProject
Project("{8BC9CEB8-8B4A-11D0-8D11-00A0C91BC942}") = "DisguiseProcess_Test", "..\进程伪装\DisguiseProcess_Test\DisguiseProcess_Test\DisguiseProcess_Test.vcxproj", "{B5BCDF0A-F8E7-4108-9AD6-3B8FA7DC4BD5}"
EndProject
Project("{8BC9CEB8-8B4A-11D0-8D11-00A0C91BC942}") = "HideProcess_ZwQuerySystemInformation_Test", "..\进程隐藏\HideProcess_ZwQuerySystemInformation_Test\HideProcess_ZwQuerySystemInformation_Test\HideProcess_ZwQuerySystemInformation_Test.vcxproj", "{BEB4F0FD-12FF-4761-A729-BEBF7B24DA93}"
EndProject
Project("{8BC9CEB8-8B4A-11D0-8D11-00A0C91BC942}") = "Test", "..\进程隐藏\HideProcess_ZwQuerySystemInformation_Test\Test\Test.vcxproj", "{2686D3A7-1631-4943-BCFE-E099ED470D84}"
EndProject
Project("{8BC9CEB8-8B4A-11D0-8D11-00A0C91BC942}") = "AutoRun_Startup_Test", "..\快速启动目录\AutoRun_Startup_Test\AutoRun_Startup_Test\AutoRun_Startup_Test.vcxproj", "{95D68FBA-4338-4AED-B83D-A490711411AF}"
EndProject
Project("{8BC9CEB8-8B4A-11D0-8D11-00A0C91BC942}") = "ReplaceProcess_Test", "..\傀儡进程\ReplaceProcess_Test\ReplaceProcess_Test\ReplaceProcess_Test.vcxproj", "{F6095BD3-BB61-4B78-9B35-0EC15217ED20}"
EndProject
Project("{8BC9CEB8-8B4A-11D0-8D11-00A0C91BC942}") = "RunDllInMem_Test", "..\内存直接加载运行\RunDllInMem_Test\RunDllInMem_Test\RunDllInMem_Test.vcxproj", "{7EEA7B76-C73A-498D-8661-BB3EEA3C816D}"
EndProject
Project("{8BC9CEB8-8B4A-11D0-8D11-00A0C91BC942}") = "TestDll", "..\内存直接加载运行\RunDllInMem_Test\TestDll\TestDll.vcxproj", "{AD2B2ABE-87A9-43CE-942D-EAC8D4FE6AC3}"
EndProject
Project("{8BC9CEB8-8B4A-11D0-8D11-00A0C91BC942}") = "RunExeInMem_Test", "..\内存直接加载运行\RunExeInMem_Test\RunExeInMem_Test\RunExeInMem_Test.vcxproj", "{0F55763B-8E05-4613-B155-6CAE746E901C}"
EndProject
Project("{8BC9CEB8-8B4A-11D0-8D11-00A0C91BC942}") = "GlobalHook_Test", "..\全局钩子注入\GlobalHook_Test\GlobalHook_Test\GlobalHook_Test.vcxproj", "{09A8B859-CC0E-4706-99C4-7EA079B7F200}"
EndProject
Project("{8BC9CEB8-8B4A-11D0-8D11-00A0C91BC942}") = "Test", "..\全局钩子注入\GlobalHook_Test\Test\Test.vcxproj", "{E9D933F0-CD10-44B2-A2F0-61B6A6FB947F}"
EndProject
Project("{8BC9CEB8-8B4A-11D0-8D11-00A0C91BC942}") = "CryptoApi_Aes_Test", "..\数据加密API\CryptoApi_Aes_Test\CryptoApi_Aes_Test\CryptoApi_Aes_Test.vcxproj", "{56336870-554C-485C-A321-7832C5DE8BB7}"
EndProject
Project("{8BC9CEB8-8B4A-11D0-8D11-00A0C91BC942}") = "CryptoApi_Hash_Test", "..\数据加密API\CryptoApi_Hash_Test\CryptoApi_Hash_Test\CryptoApi_Hash_Test.vcxproj", "{FB5E082E-080A-4DBB-A918-5D9C7B12A4FA}"
EndProject
Project("{8BC9CEB8-8B4A-11D0-8D11-00A0C91BC942}") = "CryptoApi_Rsa_Test", "..\数据加密API\CryptoApi_Rsa_Test\CryptoApi_Rsa_Test\CryptoApi_Rsa_Test.vcxproj", "{533C3B74-42A7-4211-B0CA-39409F7AF54A}"
EndProject
Project("{8BC9CEB8-8B4A-11D0-8D11-00A0C91BC942}") = "RtlCompressBuffer_Test", "..\数据压缩API\RtlCompressBuffer_Test\RtlCompressBuffer_Test\RtlCompressBuffer_Test.vcxproj", "{2EB13C3B-8351-4245-AF11-A93224267802}"
EndProject
Project("{8BC9CEB8-8B4A-11D0-8D11-00A0C91BC942}") = "CreateProcessAsUser_Test", "..\突破SESSION 0隔离创建用户进程\CreateProcessAsUser_Test\CreateProcessAsUser_Test\CreateProcessAsUser_Test.vcxproj", "{A8C0CFF2-0FC0-4C72-9C58-8E02AB0747E0}"
EndProject
Project("{8BC9CEB8-8B4A-11D0-8D11-00A0C91BC942}") = "ServiceLoader", "..\突破SESSION 0隔离创建用户进程\CreateProcessAsUser_Test\ServiceLoader\ServiceLoader.vcxproj", "{92E78D64-8074-43AB-8B07-72738192BA9A}"
EndProject
Project("{8BC9CEB8-8B4A-11D0-8D11-00A0C91BC942}") = "ZwCreateThreadEx_Test", "..\突破SESSION0隔离的远线程注入\ZwCreateThreadEx_Test\ZwCreateThreadEx_Test\ZwCreateThreadEx_Test.vcxproj", "{EE5A6E94-701B-47CA-9547-330871E9DDE9}"
EndProject
Project("{8BC9CEB8-8B4A-11D0-8D11-00A0C91BC942}") = "TestDll", "..\突破SESSION0隔离的远线程注入\ZwCreateThreadEx_Test\TestDll\TestDll.vcxproj", "{3079F1B8-0815-44B9-AD99-C726D8227564}"
EndProject
Project("{8BC9CEB8-8B4A-11D0-8D11-00A0C91BC942}") = "FileSearch_Test", "..\文件遍历\FileSearch_Test\FileSearch_Test\FileSearch_Test.vcxproj", "{AA408DA8-82B0-4F31-9CB5-9C8F2DAB1F2B}"
EndProject
Project("{8BC9CEB8-8B4A-11D0-8D11-00A0C91BC942}") = "ReadDirecotryChangesW_Test", "..\文件监控\ReadDirecotryChangesW_Test\ReadDirecotryChangesW_Test\ReadDirecotryChangesW_Test.vcxproj", "{31076F67-7D71-4A0F-902B-88B9E439978B}"
EndProject
Project("{8BC9CEB8-8B4A-11D0-8D11-00A0C91BC942}") = "AutoRun_Service_Test", "..\系统服务\AutoRun_Service_Test\AutoRun_Service_Test\AutoRun_Service_Test.vcxproj", "{A348AD73-685D-4945-A8E9-982662D552C9}"
EndProject
Project("{8BC9CEB8-8B4A-11D0-8D11-00A0C91BC942}") = "ServiceTest", "..\系统服务\AutoRun_Service_Test\ServiceTest\ServiceTest.vcxproj", "{6ED4B104-1CC9-4012-B61E-968CB370E587}"
EndProject
Project("{8BC9CEB8-8B4A-11D0-8D11-00A0C91BC942}") = "Pipe_CMD_Test", "..\远程CMD\Pipe_CMD_Test\Pipe_CMD_Test\Pipe_CMD_Test.vcxproj", "{478FC2E2-EE1C-4350-B3BF-FDB9E879720B}"
EndProject
Project("{8BC9CEB8-8B4A-11D0-8D11-00A0C91BC942}") = "CreateRemoteThread_Test", "..\远线程注入\CreateRemoteThread_Test\CreateRemoteThread_Test\CreateRemoteThread_Test.vcxproj", "{35E62154-6FA6-4E30-A7C8-54508DDA49A0}"
EndProject
Project("{8BC9CEB8-8B4A-11D0-8D11-00A0C91BC942}") = "TestDll", "..\远线程注入\CreateRemoteThread_Test\TestDll\TestDll.vcxproj", "{21F59071-9B9D-4DF4-8041-03303E4FC655}"
EndProject
Project("{8BC9CEB8-8B4A-11D0-8D11-00A0C91BC942}") = "AutoRun_Reg_Test", "..\注册表\AutoRun_Reg_Test\AutoRun_Reg_Test\AutoRun_Reg_Test.vcxproj", "{FF577291-63DA-43D3-8DDF-A714B827C020}"
EndProject
Project("{8BC9CEB8-8B4A-11D0-8D11-00A0C91BC942}") = "ScreenCapture_Test", "..\桌面截屏\ScreenCapture_Test\ScreenCapture_Test\ScreenCapture_Test.vcxproj", "{4EBE6707-9426-45AC-8478-DBDC56BF015E}"
EndProject
Project("{8BC9CEB8-8B4A-11D0-8D11-00A0C91BC942}") = "ResourceFree_Test", "..\资源释放\ResourceFree_Test\ResourceFree_Test\ResourceFree_Test.vcxproj", "{1F1398F7-A4B1-458A-B164-4866DAA20CE8}"
EndProject
Project("{8BC9CEB8-8B4A-11D0-8D11-00A0C91BC942}") = "MoveFileEx_Test", "..\自删除\MoveFileEx_Test\MoveFileEx_Test\MoveFileEx_Test.vcxproj", "{16897CC6-DBE7-473C-A388-A1C7CDDD5273}"
EndProject
Project("{8BC9CEB8-8B4A-11D0-8D11-00A0C91BC942}") = "SelfDel_Test", "..\自删除\SelfDel_Test\SelfDel_Test\SelfDel_Test.vcxproj", "{63E60543-E32D-44B6-A73E-EABD7AF3F752}"
EndProject
Global
	GlobalSection(SolutionConfigurationPlatforms) = preSolution
		Debug|x64 = Debug|x64
		Debug|x86 = Debug|x86
		Release|x64 = Release|x64
		Release|x86 = Release|x86
	EndGlobalSection
	GlobalSection(ProjectConfigurationPlatforms) = postSolution
		{28471062-BC0F-4FA3-901E-CB11D076B781}.Debug|x64.ActiveCfg = Debug|x64
		{28471062-BC0F-4FA3-901E-CB11D076B781}.Debug|x64.Build.0 = Debug|x64
		{28471062-BC0F-4FA3-901E-CB11D076B781}.Debug|x86.ActiveCfg = Debug|Win32
		{28471062-BC0F-4FA3-901E-CB11D076B781}.Debug|x86.Build.0 = Debug|Win32
		{28471062-BC0F-4FA3-901E-CB11D076B781}.Release|x64.ActiveCfg = Release|x64
		{28471062-BC0F-4FA3-901E-CB11D076B781}.Release|x64.Build.0 = Release|x64
		{28471062-BC0F-4FA3-901E-CB11D076B781}.Release|x86.ActiveCfg = Release|Win32
		{28471062-BC0F-4FA3-901E-CB11D076B781}.Release|x86.Build.0 = Release|Win32
		{14D6DE48-B223-4321-97D2-C9AAF5B72AC6}.Debug|x64.ActiveCfg = Debug|x64
		{14D6DE48-B223-4321-97D2-C9AAF5B72AC6}.Debug|x64.Build.0 = Debug|x64
		{14D6DE48-B223-4321-97D2-C9AAF5B72AC6}.Debug|x86.ActiveCfg = Debug|Win32
		{14D6DE48-B223-4321-97D2-C9AAF5B72AC6}.Debug|x86.Build.0 = Debug|Win32
		{14D6DE48-B223-4321-97D2-C9AAF5B72AC6}.Release|x64.ActiveCfg = Release|x64
		{14D6DE48-B223-4321-97D2-C9AAF5B72AC6}.Release|x64.Build.0 = Release|x64
		{14D6DE48-B223-4321-97D2-C9AAF5B72AC6}.Release|x86.ActiveCfg = Release|Win32
		{14D6DE48-B223-4321-97D2-C9AAF5B72AC6}.Release|x86.Build.0 = Release|Win32
		{D2525B72-F760-473F-AE8A-6801FA4EFAD4}.Debug|x64.ActiveCfg = Debug|x64
		{D2525B72-F760-473F-AE8A-6801FA4EFAD4}.Debug|x64.Build.0 = Debug|x64
		{D2525B72-F760-473F-AE8A-6801FA4EFAD4}.Debug|x86.ActiveCfg = Debug|Win32
		{D2525B72-F760-473F-AE8A-6801FA4EFAD4}.Debug|x86.Build.0 = Debug|Win32
		{D2525B72-F760-473F-AE8A-6801FA4EFAD4}.Release|x64.ActiveCfg = Release|x64
		{D2525B72-F760-473F-AE8A-6801FA4EFAD4}.Release|x64.Build.0 = Release|x64
		{D2525B72-F760-473F-AE8A-6801FA4EFAD4}.Release|x86.ActiveCfg = Release|Win32
		{D2525B72-F760-473F-AE8A-6801FA4EFAD4}.Release|x86.Build.0 = Release|Win32
		{2D7AD2A9-F981-40D2-AA1E-239371113046}.Debug|x64.ActiveCfg = Debug|Win32
		{2D7AD2A9-F981-40D2-AA1E-239371113046}.Debug|x86.ActiveCfg = Debug|Win32
		{2D7AD2A9-F981-40D2-AA1E-239371113046}.Debug|x86.Build.0 = Debug|Win32
		{2D7AD2A9-F981-40D2-AA1E-239371113046}.Release|x64.ActiveCfg = Release|Win32
		{2D7AD2A9-F981-40D2-AA1E-239371113046}.Release|x86.ActiveCfg = Release|Win32
		{2D7AD2A9-F981-40D2-AA1E-239371113046}.Release|x86.Build.0 = Release|Win32
		{5B8376D5-613C-48EB-8CB4-0DED13A8717A}.Debug|x64.ActiveCfg = Debug|Win32
		{5B8376D5-613C-48EB-8CB4-0DED13A8717A}.Debug|x86.ActiveCfg = Debug|Win32
		{5B8376D5-613C-48EB-8CB4-0DED13A8717A}.Debug|x86.Build.0 = Debug|Win32
		{5B8376D5-613C-48EB-8CB4-0DED13A8717A}.Release|x64.ActiveCfg = Release|Win32
		{5B8376D5-613C-48EB-8CB4-0DED13A8717A}.Release|x86.ActiveCfg = Release|Win32
		{5B8376D5-613C-48EB-8CB4-0DED13A8717A}.Release|x86.Build.0 = Release|Win32
		{65BBE857-AEE2-4CDA-B769-71BDA9DCE624}.Debug|x64.ActiveCfg = Debug|Win32
		{65BBE857-AEE2-4CDA-B769-71BDA9DCE624}.Debug|x86.ActiveCfg = Debug|Win32
		{65BBE857-AEE2-4CDA-B769-71BDA9DCE624}.Debug|x86.Build.0 = Debug|Win32
		{65BBE857-AEE2-4CDA-B769-71BDA9DCE624}.Release|x64.ActiveCfg = Release|Win32
		{65BBE857-AEE2-4CDA-B769-71BDA9DCE624}.Release|x86.ActiveCfg = Release|Win32
		{65BBE857-AEE2-4CDA-B769-71BDA9DCE624}.Release|x86.Build.0 = Release|Win32
		{E7120226-B737-4A18-B830-B378F022BD0A}.Debug|x64.ActiveCfg = Debug|Win32
		{E7120226-B737-4A18-B830-B378F022BD0A}.Debug|x86.ActiveCfg = Debug|Win32
		{E7120226-B737-4A18-B830-B378F022BD0A}.Debug|x86.Build.0 = Debug|Win32
		{E7120226-B737-4A18-B830-B378F022BD0A}.Release|x64.ActiveCfg = Release|Win32
		{E7120226-B737-4A18-B830-B378F022BD0A}.Release|x86.ActiveCfg = Release|Win32
		{E7120226-B737-4A18-B830-B378F022BD0A}.Release|x86.Build.0 = Release|Win32
		{25F1F121-B1B3-49AA-8785-4FC2821516DF}.Debug|x64.ActiveCfg = Debug|Win32
		{25F1F121-B1B3-49AA-8785-4FC2821516DF}.Debug|x86.ActiveCfg = Debug|Win32
		{25F1F121-B1B3-49AA-8785-4FC2821516DF}.Debug|x86.Build.0 = Debug|Win32
		{25F1F121-B1B3-49AA-8785-4FC2821516DF}.Release|x64.ActiveCfg = Release|Win32
		{25F1F121-B1B3-49AA-8785-4FC2821516DF}.Release|x86.ActiveCfg = Release|Win32
		{25F1F121-B1B3-49AA-8785-4FC2821516DF}.Release|x86.Build.0 = Release|Win32
		{112BBB32-F5FD-413B-9588-770C2DD41BD0}.Debug|x64.ActiveCfg = Debug|Win32
		{112BBB32-F5FD-413B-9588-770C2DD41BD0}.Debug|x86.ActiveCfg = Debug|Win32
		{112BBB32-F5FD-413B-9588-770C2DD41BD0}.Debug|x86.Build.0 = Debug|Win32
		{112BBB32-F5FD-413B-9588-770C2DD41BD0}.Release|x64.ActiveCfg = Release|Win32
		{112BBB32-F5FD-413B-9588-770C2DD41BD0}.Release|x86.ActiveCfg = Release|Win32
		{112BBB32-F5FD-413B-9588-770C2DD41BD0}.Release|x86.Build.0 = Release|Win32
		{D14E7BAF-1760-42B9-B737-895C8B0EE67C}.Debug|x64.ActiveCfg = Debug|Win32
		{D14E7BAF-1760-42B9-B737-895C8B0EE67C}.Debug|x86.ActiveCfg = Debug|Win32
		{D14E7BAF-1760-42B9-B737-895C8B0EE67C}.Debug|x86.Build.0 = Debug|Win32
		{D14E7BAF-1760-42B9-B737-895C8B0EE67C}.Release|x64.ActiveCfg = Release|Win32
		{D14E7BAF-1760-42B9-B737-895C8B0EE67C}.Release|x86.ActiveCfg = Release|Win32
		{D14E7BAF-1760-42B9-B737-895C8B0EE67C}.Release|x86.Build.0 = Release|Win32
		{CD04D948-23AF-4457-A6E3-2A9081F1C298}.Debug|x64.ActiveCfg = Debug|Win32
		{CD04D948-23AF-4457-A6E3-2A9081F1C298}.Debug|x86.ActiveCfg = Debug|Win32
		{CD04D948-23AF-4457-A6E3-2A9081F1C298}.Debug|x86.Build.0 = Debug|Win32
		{CD04D948-23AF-4457-A6E3-2A9081F1C298}.Release|x64.ActiveCfg = Release|Win32
		{CD04D948-23AF-4457-A6E3-2A9081F1C298}.Release|x86.ActiveCfg = Release|Win32
		{CD04D948-23AF-4457-A6E3-2A9081F1C298}.Release|x86.Build.0 = Release|Win32
		{D0B385CF-B4CC-4CD0-A781-C9F0B5C63B6D}.Debug|x64.ActiveCfg = Debug|Win32
		{D0B385CF-B4CC-4CD0-A781-C9F0B5C63B6D}.Debug|x86.ActiveCfg = Debug|Win32
		{D0B385CF-B4CC-4CD0-A781-C9F0B5C63B6D}.Debug|x86.Build.0 = Debug|Win32
		{D0B385CF-B4CC-4CD0-A781-C9F0B5C63B6D}.Release|x64.ActiveCfg = Release|Win32
		{D0B385CF-B4CC-4CD0-A781-C9F0B5C63B6D}.Release|x86.ActiveCfg = Release|Win32
		{D0B385CF-B4CC-4CD0-A781-C9F0B5C63B6D}.Release|x86.Build.0 = Release|Win32
		{DEAEA2F7-49F9-488B-9BDD-0BA90B74A85F}.Debug|x64.ActiveCfg = Debug|Win32
		{DEAEA2F7-49F9-488B-9BDD-0BA90B74A85F}.Debug|x86.ActiveCfg = Debug|Win32
		{DEAEA2F7-49F9-488B-9BDD-0BA90B74A85F}.Debug|x86.Build.0 = Debug|Win32
		{DEAEA2F7-49F9-488B-9BDD-0BA90B74A85F}.Release|x64.ActiveCfg = Release|Win32
		{DEAEA2F7-49F9-488B-9BDD-0BA90B74A85F}.Release|x86.ActiveCfg = Release|Win32
		{DEAEA2F7-49F9-488B-9BDD-0BA90B74A85F}.Release|x86.Build.0 = Release|Win32
		{DBD35793-7D3F-4AEB-928B-1AE8FB6C4998}.Debug|x64.ActiveCfg = Debug|Win32
		{DBD35793-7D3F-4AEB-928B-1AE8FB6C4998}.Debug|x86.ActiveCfg = Debug|Win32
		{DBD35793-7D3F-4AEB-928B-1AE8FB6C4998}.Debug|x86.Build.0 = Debug|Win32
		{DBD35793-7D3F-4AEB-928B-1AE8FB6C4998}.Release|x64.ActiveCfg = Release|Win32
		{DBD35793-7D3F-4AEB-928B-1AE8FB6C4998}.Release|x86.ActiveCfg = Release|Win32
		{DBD35793-7D3F-4AEB-928B-1AE8FB6C4998}.Release|x86.Build.0 = Release|Win32
		{8AE9A418-D2C4-4B13-A603-9C8D2622A6B1}.Debug|x64.ActiveCfg = Debug|Win32
		{8AE9A418-D2C4-4B13-A603-9C8D2622A6B1}.Debug|x86.ActiveCfg = Debug|Win32
		{8AE9A418-D2C4-4B13-A603-9C8D2622A6B1}.Debug|x86.Build.0 = Debug|Win32
		{8AE9A418-D2C4-4B13-A603-9C8D2622A6B1}.Release|x64.ActiveCfg = Release|Win32
		{8AE9A418-D2C4-4B13-A603-9C8D2622A6B1}.Release|x86.ActiveCfg = Release|Win32
		{8AE9A418-D2C4-4B13-A603-9C8D2622A6B1}.Release|x86.Build.0 = Release|Win32
		{3D22B3EE-28CE-48E6-97C3-C4A4A6786DFD}.Debug|x64.ActiveCfg = Debug|Win32
		{3D22B3EE-28CE-48E6-97C3-C4A4A6786DFD}.Debug|x86.ActiveCfg = Debug|Win32
		{3D22B3EE-28CE-48E6-97C3-C4A4A6786DFD}.Debug|x86.Build.0 = Debug|Win32
		{3D22B3EE-28CE-48E6-97C3-C4A4A6786DFD}.Release|x64.ActiveCfg = Release|Win32
		{3D22B3EE-28CE-48E6-97C3-C4A4A6786DFD}.Release|x86.ActiveCfg = Release|Win32
		{3D22B3EE-28CE-48E6-97C3-C4A4A6786DFD}.Release|x86.Build.0 = Release|Win32
		{DDF44AC7-5B80-4910-A35E-D12CE072158D}.Debug|x64.ActiveCfg = Debug|Win32
		{DDF44AC7-5B80-4910-A35E-D12CE072158D}.Debug|x86.ActiveCfg = Debug|Win32
		{DDF44AC7-5B80-4910-A35E-D12CE072158D}.Debug|x86.Build.0 = Debug|Win32
		{DDF44AC7-5B80-4910-A35E-D12CE072158D}.Release|x64.ActiveCfg = Release|Win32
		{DDF44AC7-5B80-4910-A35E-D12CE072158D}.Release|x86.ActiveCfg = Release|Win32
		{DDF44AC7-5B80-4910-A35E-D12CE072158D}.Release|x86.Build.0 = Release|Win32
		{59695045-F498-4E07-9FB7-41C55B967F51}.Debug|x64.ActiveCfg = Debug|Win32
		{59695045-F498-4E07-9FB7-41C55B967F51}.Debug|x86.ActiveCfg = Debug|Win32
		{59695045-F498-4E07-9FB7-41C55B967F51}.Debug|x86.Build.0 = Debug|Win32
		{59695045-F498-4E07-9FB7-41C55B967F51}.Release|x64.ActiveCfg = Release|Win32
		{59695045-F498-4E07-9FB7-41C55B967F51}.Release|x86.ActiveCfg = Release|Win32
		{59695045-F498-4E07-9FB7-41C55B967F51}.Release|x86.Build.0 = Release|Win32
		{9B42A8C3-83A1-4812-A3E4-BA0411FC2CD9}.Debug|x64.ActiveCfg = Debug|Win32
		{9B42A8C3-83A1-4812-A3E4-BA0411FC2CD9}.Debug|x86.ActiveCfg = Debug|Win32
		{9B42A8C3-83A1-4812-A3E4-BA0411FC2CD9}.Debug|x86.Build.0 = Debug|Win32
		{9B42A8C3-83A1-4812-A3E4-BA0411FC2CD9}.Release|x64.ActiveCfg = Release|Win32
		{9B42A8C3-83A1-4812-A3E4-BA0411FC2CD9}.Release|x86.ActiveCfg = Release|Win32
		{9B42A8C3-83A1-4812-A3E4-BA0411FC2CD9}.Release|x86.Build.0 = Release|Win32
		{407D40AC-809B-4F9F-80A8-32E74262D4C3}.Debug|x64.ActiveCfg = Debug|Win32
		{407D40AC-809B-4F9F-80A8-32E74262D4C3}.Debug|x86.ActiveCfg = Debug|Win32
		{407D40AC-809B-4F9F-80A8-32E74262D4C3}.Debug|x86.Build.0 = Debug|Win32
		{407D40AC-809B-4F9F-80A8-32E74262D4C3}.Release|x64.ActiveCfg = Release|Win32
		{407D40AC-809B-4F9F-80A8-32E74262D4C3}.Release|x86.ActiveCfg = Release|Win32
		{407D40AC-809B-4F9F-80A8-32E74262D4C3}.Release|x86.Build.0 = Release|Win32
		{3F24E95A-8AF4-41E3-A741-F3CA0AEC2E89}.Debug|x64.ActiveCfg = Debug|Win32
		{3F24E95A-8AF4-41E3-A741-F3CA0AEC2E89}.Debug|x86.ActiveCfg = Debug|Win32
		{3F24E95A-8AF4-41E3-A741-F3CA0AEC2E89}.Debug|x86.Build.0 = Debug|Win32
		{3F24E95A-8AF4-41E3-A741-F3CA0AEC2E89}.Release|x64.ActiveCfg = Release|Win32
		{3F24E95A-8AF4-41E3-A741-F3CA0AEC2E89}.Release|x86.ActiveCfg = Release|Win32
		{3F24E95A-8AF4-41E3-A741-F3CA0AEC2E89}.Release|x86.Build.0 = Release|Win32
		{A64FCF95-C0BC-4458-B5A9-A1AC1FA5E0E5}.Debug|x64.ActiveCfg = Debug|Win32
		{A64FCF95-C0BC-4458-B5A9-A1AC1FA5E0E5}.Debug|x86.ActiveCfg = Debug|Win32
		{A64FCF95-C0BC-4458-B5A9-A1AC1FA5E0E5}.Debug|x86.Build.0 = Debug|Win32
		{A64FCF95-C0BC-4458-B5A9-A1AC1FA5E0E5}.Release|x64.ActiveCfg = Release|Win32
		{A64FCF95-C0BC-4458-B5A9-A1AC1FA5E0E5}.Release|x86.ActiveCfg = Release|Win32
		{A64FCF95-C0BC-4458-B5A9-A1AC1FA5E0E5}.Release|x86.Build.0 = Release|Win32
		{B1F89B2F-ABF0-4349-9281-AFFF299B105E}.Debug|x64.ActiveCfg = Debug|Win32
		{B1F89B2F-ABF0-4349-9281-AFFF299B105E}.Debug|x86.ActiveCfg = Debug|Win32
		{B1F89B2F-ABF0-4349-9281-AFFF299B105E}.Debug|x86.Build.0 = Debug|Win32
		{B1F89B2F-ABF0-4349-9281-AFFF299B105E}.Release|x64.ActiveCfg = Release|Win32
		{B1F89B2F-ABF0-4349-9281-AFFF299B105E}.Release|x86.ActiveCfg = Release|Win32
		{B1F89B2F-ABF0-4349-9281-AFFF299B105E}.Release|x86.Build.0 = Release|Win32
		{524520B6-E80C-465E-BA5E-1DAA127C8B1C}.Debug|x64.ActiveCfg = Debug|Win32
		{524520B6-E80C-465E-BA5E-1DAA127C8B1C}.Debug|x86.ActiveCfg = Debug|Win32
		{524520B6-E80C-465E-BA5E-1DAA127C8B1C}.Debug|x86.Build.0 = Debug|Win32
		{524520B6-E80C-465E-BA5E-1DAA127C8B1C}.Release|x64.ActiveCfg = Release|Win32
		{524520B6-E80C-465E-BA5E-1DAA127C8B1C}.Release|x86.ActiveCfg = Release|Win32
		{524520B6-E80C-465E-BA5E-1DAA127C8B1C}.Release|x86.Build.0 = Release|Win32
		{5991B013-02CC-463F-B898-CF32C3E7218E}.Debug|x64.ActiveCfg = Debug|Win32
		{5991B013-02CC-463F-B898-CF32C3E7218E}.Debug|x86.ActiveCfg = Debug|Win32
		{5991B013-02CC-463F-B898-CF32C3E7218E}.Debug|x86.Build.0 = Debug|Win32
		{5991B013-02CC-463F-B898-CF32C3E7218E}.Release|x64.ActiveCfg = Release|Win32
		{5991B013-02CC-463F-B898-CF32C3E7218E}.Release|x86.ActiveCfg = Release|Win32
		{5991B013-02CC-463F-B898-CF32C3E7218E}.Release|x86.Build.0 = Release|Win32
		{459E5A26-8F2F-4933-AED9-7F5C96C94421}.Debug|x64.ActiveCfg = Debug|Win32
		{459E5A26-8F2F-4933-AED9-7F5C96C94421}.Debug|x86.ActiveCfg = Debug|Win32
		{459E5A26-8F2F-4933-AED9-7F5C96C94421}.Debug|x86.Build.0 = Debug|Win32
		{459E5A26-8F2F-4933-AED9-7F5C96C94421}.Release|x64.ActiveCfg = Release|Win32
		{459E5A26-8F2F-4933-AED9-7F5C96C94421}.Release|x86.ActiveCfg = Release|Win32
		{459E5A26-8F2F-4933-AED9-7F5C96C94421}.Release|x86.Build.0 = Release|Win32
		{08671C7A-C696-4A08-938B-FFAD25A5604D}.Debug|x64.ActiveCfg = Debug|Win32
		{08671C7A-C696-4A08-938B-FFAD25A5604D}.Debug|x86.ActiveCfg = Debug|Win32
		{08671C7A-C696-4A08-938B-FFAD25A5604D}.Debug|x86.Build.0 = Debug|Win32
		{08671C7A-C696-4A08-938B-FFAD25A5604D}.Release|x64.ActiveCfg = Release|Win32
		{08671C7A-C696-4A08-938B-FFAD25A5604D}.Release|x86.ActiveCfg = Release|Win32
		{08671C7A-C696-4A08-938B-FFAD25A5604D}.Release|x86.Build.0 = Release|Win32
		{FC78562C-9103-4477-9DF3-B0C6E025D341}.Debug|x64.ActiveCfg = Debug|Win32
		{FC78562C-9103-4477-9DF3-B0C6E025D341}.Debug|x86.ActiveCfg = Debug|Win32
		{FC78562C-9103-4477-9DF3-B0C6E025D341}.Debug|x86.Build.0 = Debug|Win32
		{FC78562C-9103-4477-9DF3-B0C6E025D341}.Release|x64.ActiveCfg = Release|Win32
		{FC78562C-9103-4477-9DF3-B0C6E025D341}.Release|x86.ActiveCfg = Release|Win32
		{FC78562C-9103-4477-9DF3-B0C6E025D341}.Release|x86.Build.0 = Release|Win32
		{72D26442-FF39-438F-A920-FFD8CBB9282A}.Debug|x64.ActiveCfg = Debug|Win32
		{72D26442-FF39-438F-A920-FFD8CBB9282A}.Debug|x86.ActiveCfg = Debug|Win32
		{72D26442-FF39-438F-A920-FFD8CBB9282A}.Debug|x86.Build.0 = Debug|Win32
		{72D26442-FF39-438F-A920-FFD8CBB9282A}.Release|x64.ActiveCfg = Release|Win32
		{72D26442-FF39-438F-A920-FFD8CBB9282A}.Release|x86.ActiveCfg = Release|Win32
		{72D26442-FF39-438F-A920-FFD8CBB9282A}.Release|x86.Build.0 = Release|Win32
		{B344909A-E63D-49A5-ADF6-B31CF7DC86DB}.Debug|x64.ActiveCfg = Debug|Win32
		{B344909A-E63D-49A5-ADF6-B31CF7DC86DB}.Debug|x86.ActiveCfg = Debug|Win32
		{B344909A-E63D-49A5-ADF6-B31CF7DC86DB}.Debug|x86.Build.0 = Debug|Win32
		{B344909A-E63D-49A5-ADF6-B31CF7DC86DB}.Release|x64.ActiveCfg = Release|Win32
		{B344909A-E63D-49A5-ADF6-B31CF7DC86DB}.Release|x86.ActiveCfg = Release|Win32
		{B344909A-E63D-49A5-ADF6-B31CF7DC86DB}.Release|x86.Build.0 = Release|Win32
		{9BAF2C36-41E2-491B-98A5-AC0BC0492FE5}.Debug|x64.ActiveCfg = Debug|Win32
		{9BAF2C36-41E2-491B-98A5-AC0BC0492FE5}.Debug|x86.ActiveCfg = Debug|Win32
		{9BAF2C36-41E2-491B-98A5-AC0BC0492FE5}.Debug|x86.Build.0 = Debug|Win32
		{9BAF2C36-41E2-491B-98A5-AC0BC0492FE5}.Release|x64.ActiveCfg = Release|Win32
		{9BAF2C36-41E2-491B-98A5-AC0BC0492FE5}.Release|x86.ActiveCfg = Release|Win32
		{9BAF2C36-41E2-491B-98A5-AC0BC0492FE5}.Release|x86.Build.0 = Release|Win32
		{B5BCDF0A-F8E7-4108-9AD6-3B8FA7DC4BD5}.Debug|x64.ActiveCfg = Debug|x64
		{B5BCDF0A-F8E7-4108-9AD6-3B8FA7DC4BD5}.Debug|x64.Build.0 = Debug|x64
		{B5BCDF0A-F8E7-4108-9AD6-3B8FA7DC4BD5}.Debug|x86.ActiveCfg = Debug|Win32
		{B5BCDF0A-F8E7-4108-9AD6-3B8FA7DC4BD5}.Debug|x86.Build.0 = Debug|Win32
		{B5BCDF0A-F8E7-4108-9AD6-3B8FA7DC4BD5}.Release|x64.ActiveCfg = Release|x64
		{B5BCDF0A-F8E7-4108-9AD6-3B8FA7DC4BD5}.Release|x64.Build.0 = Release|x64
		{B5BCDF0A-F8E7-4108-9AD6-3B8FA7DC4BD5}.Release|x86.ActiveCfg = Release|Win32
		{B5BCDF0A-F8E7-4108-9AD6-3B8FA7DC4BD5}.Release|x86.Build.0 = Release|Win32
		{BEB4F0FD-12FF-4761-A729-BEBF7B24DA93}.Debug|x64.ActiveCfg = Debug|x64
		{BEB4F0FD-12FF-4761-A729-BEBF7B24DA93}.Debug|x64.Build.0 = Debug|x64
		{BEB4F0FD-12FF-4761-A729-BEBF7B24DA93}.Debug|x86.ActiveCfg = Debug|Win32
		{BEB4F0FD-12FF-4761-A729-BEBF7B24DA93}.Debug|x86.Build.0 = Debug|Win32
		{BEB4F0FD-12FF-4761-A729-BEBF7B24DA93}.Release|x64.ActiveCfg = Release|x64
		{BEB4F0FD-12FF-4761-A729-BEBF7B24DA93}.Release|x64.Build.0 = Release|x64
		{BEB4F0FD-12FF-4761-A729-BEBF7B24DA93}.Release|x86.ActiveCfg = Release|Win32
		{BEB4F0FD-12FF-4761-A729-BEBF7B24DA93}.Release|x86.Build.0 = Release|Win32
		{2686D3A7-1631-4943-BCFE-E099ED470D84}.Debug|x64.ActiveCfg = Debug|x64
		{2686D3A7-1631-4943-BCFE-E099ED470D84}.Debug|x64.Build.0 = Debug|x64
		{2686D3A7-1631-4943-BCFE-E099ED470D84}.Debug|x86.ActiveCfg = Debug|Win32
		{2686D3A7-1631-4943-BCFE-E099ED470D84}.Debug|x86.Build.0 = Debug|Win32
		{2686D3A7-1631-4943-BCFE-E099ED470D84}.Release|x64.ActiveCfg = Release|x64
		{2686D3A7-1631-4943-BCFE-E099ED470D84}.Release|x64.Build.0 = Release|x64
		{2686D3A7-1631-4943-BCFE-E099ED470D84}.Release|x86.ActiveCfg = Release|Win32
		{2686D3A7-1631-4943-BCFE-E099ED470D84}.Release|x86.Build.0 = Release|Win32
		{95D68FBA-4338-4AED-B83D-A490711411AF}.Debug|x64.ActiveCfg = Debug|Win32
		{95D68FBA-4338-4AED-B83D-A490711411AF}.Debug|x86.ActiveCfg = Debug|Win32
		{95D68FBA-4338-4AED-B83D-A490711411AF}.Debug|x86.Build.0 = Debug|Win32
		{95D68FBA-4338-4AED-B83D-A490711411AF}.Release|x64.ActiveCfg = Release|Win32
		{95D68FBA-4338-4AED-B83D-A490711411AF}.Release|x86.ActiveCfg = Release|Win32
		{95D68FBA-4338-4AED-B83D-A490711411AF}.Release|x86.Build.0 = Release|Win32
		{F6095BD3-BB61-4B78-9B35-0EC15217ED20}.Debug|x64.ActiveCfg = Debug|Win32
		{F6095BD3-BB61-4B78-9B35-0EC15217ED20}.Debug|x86.ActiveCfg = Debug|Win32
		{F6095BD3-BB61-4B78-9B35-0EC15217ED20}.Debug|x86.Build.0 = Debug|Win32
		{F6095BD3-BB61-4B78-9B35-0EC15217ED20}.Release|x64.ActiveCfg = Release|Win32
		{F6095BD3-BB61-4B78-9B35-0EC15217ED20}.Release|x86.ActiveCfg = Release|Win32
		{F6095BD3-BB61-4B78-9B35-0EC15217ED20}.Release|x86.Build.0 = Release|Win32
		{7EEA7B76-C73A-498D-8661-BB3EEA3C816D}.Debug|x64.ActiveCfg = Debug|Win32
		{7EEA7B76-C73A-498D-8661-BB3EEA3C816D}.Debug|x86.ActiveCfg = Debug|Win32
		{7EEA7B76-C73A-498D-8661-BB3EEA3C816D}.Debug|x86.Build.0 = Debug|Win32
		{7EEA7B76-C73A-498D-8661-BB3EEA3C816D}.Release|x64.ActiveCfg = Release|Win32
		{7EEA7B76-C73A-498D-8661-BB3EEA3C816D}.Release|x86.ActiveCfg = Release|Win32
		{7EEA7B76-C73A-498D-8661-BB3EEA3C816D}.Release|x86.Build.0 = Release|Win32
		{AD2B2ABE-87A9-43CE-942D-EAC8D4FE6AC3}.Debug|x64.ActiveCfg = Debug|Win32
		{AD2B2ABE-87A9-43CE-942D-EAC8D4FE6AC3}.Debug|x86.ActiveCfg = Debug|Win32
		{AD2B2ABE-87A9-43CE-942D-EAC8D4FE6AC3}.Debug|x86.Build.0 = Debug|Win32
		{AD2B2ABE-87A9-43CE-942D-EAC8D4FE6AC3}.Release|x64.ActiveCfg = Release|Win32
		{AD2B2ABE-87A9-43CE-942D-EAC8D4FE6AC3}.Release|x86.ActiveCfg = Release|Win32
		{AD2B2ABE-87A9-43CE-942D-EAC8D4FE6AC3}.Release|x86.Build.0 = Release|Win32
		{0F55763B-8E05-4613-B155-6CAE746E901C}.Debug|x64.ActiveCfg = Debug|Win32
		{0F55763B-8E05-4613-B155-6CAE746E901C}.Debug|x86.ActiveCfg = Debug|Win32
		{0F55763B-8E05-4613-B155-6CAE746E901C}.Debug|x86.Build.0 = Debug|Win32
		{0F55763B-8E05-4613-B155-6CAE746E901C}.Release|x64.ActiveCfg = Release|Win32
		{0F55763B-8E05-4613-B155-6CAE746E901C}.Release|x86.ActiveCfg = Release|Win32
		{0F55763B-8E05-4613-B155-6CAE746E901C}.Release|x86.Build.0 = Release|Win32
		{09A8B859-CC0E-4706-99C4-7EA079B7F200}.Debug|x64.ActiveCfg = Debug|Win32
		{09A8B859-CC0E-4706-99C4-7EA079B7F200}.Debug|x86.ActiveCfg = Debug|Win32
		{09A8B859-CC0E-4706-99C4-7EA079B7F200}.Debug|x86.Build.0 = Debug|Win32
		{09A8B859-CC0E-4706-99C4-7EA079B7F200}.Release|x64.ActiveCfg = Release|Win32
		{09A8B859-CC0E-4706-99C4-7EA079B7F200}.Release|x86.ActiveCfg = Release|Win32
		{09A8B859-CC0E-4706-99C4-7EA079B7F200}.Release|x86.Build.0 = Release|Win32
		{E9D933F0-CD10-44B2-A2F0-61B6A6FB947F}.Debug|x64.ActiveCfg = Debug|Win32
		{E9D933F0-CD10-44B2-A2F0-61B6A6FB947F}.Debug|x86.ActiveCfg = Debug|Win32
		{E9D933F0-CD10-44B2-A2F0-61B6A6FB947F}.Debug|x86.Build.0 = Debug|Win32
		{E9D933F0-CD10-44B2-A2F0-61B6A6FB947F}.Release|x64.ActiveCfg = Release|Win32
		{E9D933F0-CD10-44B2-A2F0-61B6A6FB947F}.Release|x86.ActiveCfg = Release|Win32
		{E9D933F0-CD10-44B2-A2F0-61B6A6FB947F}.Release|x86.Build.0 = Release|Win32
		{56336870-554C-485C-A321-7832C5DE8BB7}.Debug|x64.ActiveCfg = Debug|Win32
		{56336870-554C-485C-A321-7832C5DE8BB7}.Debug|x86.ActiveCfg = Debug|Win32
		{56336870-554C-485C-A321-7832C5DE8BB7}.Debug|x86.Build.0 = Debug|Win32
		{56336870-554C-485C-A321-7832C5DE8BB7}.Release|x64.ActiveCfg = Release|Win32
		{56336870-554C-485C-A321-7832C5DE8BB7}.Release|x86.ActiveCfg = Release|Win32
		{56336870-554C-485C-A321-7832C5DE8BB7}.Release|x86.Build.0 = Release|Win32
		{FB5E082E-080A-4DBB-A918-5D9C7B12A4FA}.Debug|x64.ActiveCfg = Debug|Win32
		{FB5E082E-080A-4DBB-A918-5D9C7B12A4FA}.Debug|x86.ActiveCfg = Debug|Win32
		{FB5E082E-080A-4DBB-A918-5D9C7B12A4FA}.Debug|x86.Build.0 = Debug|Win32
		{FB5E082E-080A-4DBB-A918-5D9C7B12A4FA}.Release|x64.ActiveCfg = Release|Win32
		{FB5E082E-080A-4DBB-A918-5D9C7B12A4FA}.Release|x86.ActiveCfg = Release|Win32
		{FB5E082E-080A-4DBB-A918-5D9C7B12A4FA}.Release|x86.Build.0 = Release|Win32
		{533C3B74-42A7-4211-B0CA-39409F7AF54A}.Debug|x64.ActiveCfg = Debug|Win32
		{533C3B74-42A7-4211-B0CA-39409F7AF54A}.Debug|x86.ActiveCfg = Debug|Win32
		{533C3B74-42A7-4211-B0CA-39409F7AF54A}.Debug|x86.Build.0 = Debug|Win32
		{533C3B74-42A7-4211-B0CA-39409F7AF54A}.Release|x64.ActiveCfg = Release|Win32
		{533C3B74-42A7-4211-B0CA-39409F7AF54A}.Release|x86.ActiveCfg = Release|Win32
		{533C3B74-42A7-4211-B0CA-39409F7AF54A}.Release|x86.Build.0 = Release|Win32
		{2EB13C3B-8351-4245-AF11-A93224267802}.Debug|x64.ActiveCfg = Debug|Win32
		{2EB13C3B-8351-4245-AF11-A93224267802}.Debug|x86.ActiveCfg = Debug|Win32
		{2EB13C3B-8351-4245-AF11-A93224267802}.Debug|x86.Build.0 = Debug|Win32
		{2EB13C3B-8351-4245-AF11-A93224267802}.Release|x64.ActiveCfg = Release|Win32
		{2EB13C3B-8351-4245-AF11-A93224267802}.Release|x86.ActiveCfg = Release|Win32
		{2EB13C3B-8351-4245-AF11-A93224267802}.Release|x86.Build.0 = Release|Win32
		{A8C0CFF2-0FC0-4C72-9C58-8E02AB0747E0}.Debug|x64.ActiveCfg = Debug|Win32
		{A8C0CFF2-0FC0-4C72-9C58-8E02AB0747E0}.Debug|x86.ActiveCfg = Debug|Win32
		{A8C0CFF2-0FC0-4C72-9C58-8E02AB0747E0}.Debug|x86.Build.0 = Debug|Win32
		{A8C0CFF2-0FC0-4C72-9C58-8E02AB0747E0}.Release|x64.ActiveCfg = Release|Win32
		{A8C0CFF2-0FC0-4C72-9C58-8E02AB0747E0}.Release|x86.ActiveCfg = Release|Win32
		{A8C0CFF2-0FC0-4C72-9C58-8E02AB0747E0}.Release|x86.Build.0 = Release|Win32
		{92E78D64-8074-43AB-8B07-72738192BA9A}.Debug|x64.ActiveCfg = Debug|Win32
		{92E78D64-8074-43AB-8B07-72738192BA9A}.Debug|x86.ActiveCfg = Debug|Win32
		{92E78D64-8074-43AB-8B07-72738192BA9A}.Debug|x86.Build.0 = Debug|Win32
		{92E78D64-8074-43AB-8B07-72738192BA9A}.Release|x64.ActiveCfg = Release|Win32
		{92E78D64-8074-43AB-8B07-72738192BA9A}.Release|x86.ActiveCfg = Release|Win32
		{92E78D64-8074-43AB-8B07-72738192BA9A}.Release|x86.Build.0 = Release|Win32
		{EE5A6E94-701B-47CA-9547-330871E9DDE9}.Debug|x64.ActiveCfg = Debug|x64
		{EE5A6E94-701B-47CA-9547-330871E9DDE9}.Debug|x64.Build.0 = Debug|x64
		{EE5A6E94-701B-47CA-9547-330871E9DDE9}.Debug|x86.ActiveCfg = Debug|Win32
		{EE5A6E94-701B-47CA-9547-330871E9DDE9}.Debug|x86.Build.0 = Debug|Win32
		{EE5A6E94-701B-47CA-9547-330871E9DDE9}.Release|x64.ActiveCfg = Release|x64
		{EE5A6E94-701B-47CA-9547-330871E9DDE9}.Release|x64.Build.0 = Release|x64
		{EE5A6E94-701B-47CA-9547-330871E9DDE9}.Release|x86.ActiveCfg = Release|Win32
		{EE5A6E94-701B-47CA-9547-330871E9DDE9}.Release|x86.Build.0 = Release|Win32
		{3079F1B8-0815-44B9-AD99-C726D8227564}.Debug|x64.ActiveCfg = Debug|x64
		{3079F1B8-0815-44B9-AD99-C726D8227564}.Debug|x64.Build.0 = Debug|x64
		{3079F1B8-0815-44B9-AD99-C726D8227564}.Debug|x86.ActiveCfg = Debug|Win32
		{3079F1B8-0815-44B9-AD99-C726D8227564}.Debug|x86.Build.0 = Debug|Win32
		{3079F1B8-0815-44B9-AD99-C726D8227564}.Release|x64.ActiveCfg = Release|x64
		{3079F1B8-0815-44B9-AD99-C726D8227564}.Release|x64.Build.0 = Release|x64
		{3079F1B8-0815-44B9-AD99-C726D8227564}.Release|x86.ActiveCfg = Release|Win32
		{3079F1B8-0815-44B9-AD99-C726D8227564}.Release|x86.Build.0 = Release|Win32
		{AA408DA8-82B0-4F31-9CB5-9C8F2DAB1F2B}.Debug|x64.ActiveCfg = Debug|Win32
		{AA408DA8-82B0-4F31-9CB5-9C8F2DAB1F2B}.Debug|x86.ActiveCfg = Debug|Win32
		{AA408DA8-82B0-4F31-9CB5-9C8F2DAB1F2B}.Debug|x86.Build.0 = Debug|Win32
		{AA408DA8-82B0-4F31-9CB5-9C8F2DAB1F2B}.Release|x64.ActiveCfg = Release|Win32
		{AA408DA8-82B0-4F31-9CB5-9C8F2DAB1F2B}.Release|x86.ActiveCfg = Release|Win32
		{AA408DA8-82B0-4F31-9CB5-9C8F2DAB1F2B}.Release|x86.Build.0 = Release|Win32
		{31076F67-7D71-4A0F-902B-88B9E439978B}.Debug|x64.ActiveCfg = Debug|Win32
		{31076F67-7D71-4A0F-902B-88B9E439978B}.Debug|x86.ActiveCfg = Debug|Win32
		{31076F67-7D71-4A0F-902B-88B9E439978B}.Debug|x86.Build.0 = Debug|Win32
		{31076F67-7D71-4A0F-902B-88B9E439978B}.Release|x64.ActiveCfg = Release|Win32
		{31076F67-7D71-4A0F-902B-88B9E439978B}.Release|x86.ActiveCfg = Release|Win32
		{31076F67-7D71-4A0F-902B-88B9E439978B}.Release|x86.Build.0 = Release|Win32
		{A348AD73-685D-4945-A8E9-982662D552C9}.Debug|x64.ActiveCfg = Debug|Win32
		{A348AD73-685D-4945-A8E9-982662D552C9}.Debug|x86.ActiveCfg = Debug|Win32
		{A348AD73-685D-4945-A8E9-982662D552C9}.Debug|x86.Build.0 = Debug|Win32
		{A348AD73-685D-4945-A8E9-982662D552C9}.Release|x64.ActiveCfg = Release|Win32
		{A348AD73-685D-4945-A8E9-982662D552C9}.Release|x86.ActiveCfg = Release|Win32
		{A348AD73-685D-4945-A8E9-982662D552C9}.Release|x86.Build.0 = Release|Win32
		{6ED4B104-1CC9-4012-B61E-968CB370E587}.Debug|x64.ActiveCfg = Debug|Win32
		{6ED4B104-1CC9-4012-B61E-968CB370E587}.Debug|x86.ActiveCfg = Debug|Win32
		{6ED4B104-1CC9-4012-B61E-968CB370E587}.Debug|x86.Build.0 = Debug|Win32
		{6ED4B104-1CC9-4012-B61E-968CB370E587}.Release|x64.ActiveCfg = Release|Win32
		{6ED4B104-1CC9-4012-B61E-968CB370E587}.Release|x86.ActiveCfg = Release|Win32
		{6ED4B104-1CC9-4012-B61E-968CB370E587}.Release|x86.Build.0 = Release|Win32
		{478FC2E2-EE1C-4350-B3BF-FDB9E879720B}.Debug|x64.ActiveCfg = Debug|Win32
		{478FC2E2-EE1C-4350-B3BF-FDB9E879720B}.Debug|x86.ActiveCfg = Debug|Win32
		{478FC2E2-EE1C-4350-B3BF-FDB9E879720B}.Debug|x86.Build.0 = Debug|Win32
		{478FC2E2-EE1C-4350-B3BF-FDB9E879720B}.Release|x64.ActiveCfg = Release|Win32
		{478FC2E2-EE1C-4350-B3BF-FDB9E879720B}.Release|x86.ActiveCfg = Release|Win32
		{478FC2E2-EE1C-4350-B3BF-FDB9E879720B}.Release|x86.Build.0 = Release|Win32
		{35E62154-6FA6-4E30-A7C8-54508DDA49A0}.Debug|x64.ActiveCfg = Debug|x64
		{35E62154-6FA6-4E30-A7C8-54508DDA49A0}.Debug|x64.Build.0 = Debug|x64
		{35E62154-6FA6-4E30-A7C8-54508DDA49A0}.Debug|x86.ActiveCfg = Debug|Win32
		{35E62154-6FA6-4E30-A7C8-54508DDA49A0}.Debug|x86.Build.0 = Debug|Win32
		{35E62154-6FA6-4E30-A7C8-54508DDA49A0}.Release|x64.ActiveCfg = Release|x64
		{35E62154-6FA6-4E30-A7C8-54508DDA49A0}.Release|x64.Build.0 = Release|x64
		{35E62154-6FA6-4E30-A7C8-54508DDA49A0}.Release|x86.ActiveCfg = Release|Win32
		{35E62154-6FA6-4E30-A7C8-54508DDA49A0}.Release|x86.Build.0 = Release|Win32
		{21F59071-9B9D-4DF4-8041-03303E4FC655}.Debug|x64.ActiveCfg = Debug|x64
		{21F59071-9B9D-4DF4-8041-03303E4FC655}.Debug|x64.Build.0 = Debug|x64
		{21F59071-9B9D-4DF4-8041-03303E4FC655}.Debug|x86.ActiveCfg = Debug|Win32
		{21F59071-9B9D-4DF4-8041-03303E4FC655}.Debug|x86.Build.0 = Debug|Win32
		{21F59071-9B9D-4DF4-8041-03303E4FC655}.Release|x64.ActiveCfg = Release|x64
		{21F59071-9B9D-4DF4-8041-03303E4FC655}.Release|x64.Build.0 = Release|x64
		{21F59071-9B9D-4DF4-8041-03303E4FC655}.Release|x86.ActiveCfg = Release|Win32
		{21F59071-9B9D-4DF4-8041-03303E4FC655}.Release|x86.Build.0 = Release|Win32
		{FF577291-63DA-43D3-8DDF-A714B827C020}.Debug|x64.ActiveCfg = Debug|Win32
		{FF577291-63DA-43D3-8DDF-A714B827C020}.Debug|x86.ActiveCfg = Debug|Win32
		{FF577291-63DA-43D3-8DDF-A714B827C020}.Debug|x86.Build.0 = Debug|Win32
		{FF577291-63DA-43D3-8DDF-A714B827C020}.Release|x64.ActiveCfg = Release|Win32
		{FF577291-63DA-43D3-8DDF-A714B827C020}.Release|x86.ActiveCfg = Release|Win32
		{FF577291-63DA-43D3-8DDF-A714B827C020}.Release|x86.Build.0 = Release|Win32
		{4EBE6707-9426-45AC-8478-DBDC56BF015E}.Debug|x64.ActiveCfg = Debug|Win32
		{4EBE6707-9426-45AC-8478-DBDC56BF015E}.Debug|x86.ActiveCfg = Debug|Win32
		{4EBE6707-9426-45AC-8478-DBDC56BF015E}.Debug|x86.Build.0 = Debug|Win32
		{4EBE6707-9426-45AC-8478-DBDC56BF015E}.Release|x64.ActiveCfg = Release|Win32
		{4EBE6707-9426-45AC-8478-DBDC56BF015E}.Release|x86.ActiveCfg = Release|Win32
		{4EBE6707-9426-45AC-8478-DBDC56BF015E}.Release|x86.Build.0 = Release|Win32
		{1F1398F7-A4B1-458A-B164-4866DAA20CE8}.Debug|x64.ActiveCfg = Debug|Win32
		{1F1398F7-A4B1-458A-B164-4866DAA20CE8}.Debug|x86.ActiveCfg = Debug|Win32
		{1F1398F7-A4B1-458A-B164-4866DAA20CE8}.Debug|x86.Build.0 = Debug|Win32
		{1F1398F7-A4B1-458A-B164-4866DAA20CE8}.Release|x64.ActiveCfg = Release|Win32
		{1F1398F7-A4B1-458A-B164-4866DAA20CE8}.Release|x86.ActiveCfg = Release|Win32
		{1F1398F7-A4B1-458A-B164-4866DAA20CE8}.Release|x86.Build.0 = Release|Win32
		{16897CC6-DBE7-473C-A388-A1C7CDDD5273}.Debug|x64.ActiveCfg = Debug|Win32
		{16897CC6-DBE7-473C-A388-A1C7CDDD5273}.Debug|x86.ActiveCfg = Debug|Win32
		{16897CC6-DBE7-473C-A388-A1C7CDDD5273}.Debug|x86.Build.0 = Debug|Win32
		{16897CC6-DBE7-473C-A388-A1C7CDDD5273}.Release|x64.ActiveCfg = Release|Win32
		{16897CC6-DBE7-473C-A388-A1C7CDDD5273}.Release|x86.ActiveCfg = Release|Win32
		{16897CC6-DBE7-473C-A388-A1C7CDDD5273}.Release|x86.Build.0 = Release|Win32
		{63E60543-E32D-44B6-A73E-EABD7AF3F752}.Debug|x64.ActiveCfg = Debug|Win32
		{63E60543-E32D-44B6-A73E-EABD7AF3F752}.Debug|x86.ActiveCfg = Debug|Win32
		{63E60543-E32D-44B6-A73E-EABD7AF3F752}.Debug|x86.Build.0 = Debug|Win32
		{63E60543-E32D-44B6-A73E-EABD7AF3F752}.Release|x64.ActiveCfg = Release|Win32
		{63E60543-E32D-44B6-A73E-EABD7AF3F752}.Release|x86.ActiveCfg = Release|Win32
		{63E60543-E32D-44B6-A73E-EABD7AF3F752}.Release|x86.Build.0 = Release|Win32
	EndGlobalSection
	GlobalSection(SolutionProperties) = preSolution
		HideSolutionNode = FALSE
	EndGlobalSection
	GlobalSection(NestedProjects) = preSolution
		{14D6DE48-B223-4321-97D2-C9AAF5B72AC6} = {3BD1B0A6-74C0-483B-A771-2871F0C4E0FE}
		{D2525B72-F760-473F-AE8A-6801FA4EFAD4} = {3BD1B0A6-74C0-483B-A771-2871F0C4E0FE}
		{2D7AD2A9-F981-40D2-AA1E-239371113046} = {8F1BCEAE-8369-4494-8EA0-0B105C92858A}
		{5B8376D5-613C-48EB-8CB4-0DED13A8717A} = {8F1BCEAE-8369-4494-8EA0-0B105C92858A}
		{65BBE857-AEE2-4CDA-B769-71BDA9DCE624} = {F75D2609-A7AA-4645-886C-5BBDBE74236A}
		{E7120226-B737-4A18-B830-B378F022BD0A} = {F75D2609-A7AA-4645-886C-5BBDBE74236A}
		{25F1F121-B1B3-49AA-8785-4FC2821516DF} = {F75D2609-A7AA-4645-886C-5BBDBE74236A}
		{112BBB32-F5FD-413B-9588-770C2DD41BD0} = {F75D2609-A7AA-4645-886C-5BBDBE74236A}
		{D14E7BAF-1760-42B9-B737-895C8B0EE67C} = {F75D2609-A7AA-4645-886C-5BBDBE74236A}
		{CD04D948-23AF-4457-A6E3-2A9081F1C298} = {C2B1A65C-E03B-4EDE-BCAD-93000B730615}
		{D0B385CF-B4CC-4CD0-A781-C9F0B5C63B6D} = {C2B1A65C-E03B-4EDE-BCAD-93000B730615}
		{DEAEA2F7-49F9-488B-9BDD-0BA90B74A85F} = {76BBAE6D-5642-4CF0-9E5B-F9AD893DDB8A}
		{DBD35793-7D3F-4AEB-928B-1AE8FB6C4998} = {98FB4656-B74F-4B47-AFAC-622067669EC6}
		{8AE9A418-D2C4-4B13-A603-9C8D2622A6B1} = {98FB4656-B74F-4B47-AFAC-622067669EC6}
		{3D22B3EE-28CE-48E6-97C3-C4A4A6786DFD} = {1940EF52-6EB4-4E0B-8C42-B5F792B37091}
		{DDF44AC7-5B80-4910-A35E-D12CE072158D} = {1940EF52-6EB4-4E0B-8C42-B5F792B37091}
		{59695045-F498-4E07-9FB7-41C55B967F51} = {6FC19414-6B58-456A-8032-1A6D55A87A37}
		{9B42A8C3-83A1-4812-A3E4-BA0411FC2CD9} = {6FC19414-6B58-456A-8032-1A6D55A87A37}
		{407D40AC-809B-4F9F-80A8-32E74262D4C3} = {19FD7B0E-7C67-458E-A89D-B463A0F7825A}
		{3F24E95A-8AF4-41E3-A741-F3CA0AEC2E89} = {19FD7B0E-7C67-458E-A89D-B463A0F7825A}
		{A64FCF95-C0BC-4458-B5A9-A1AC1FA5E0E5} = {19FD7B0E-7C67-458E-A89D-B463A0F7825A}
		{B1F89B2F-ABF0-4349-9281-AFFF299B105E} = {634F6AEE-4FCA-4D0A-B774-D51127BE25C7}
		{524520B6-E80C-465E-BA5E-1DAA127C8B1C} = {634F6AEE-4FCA-4D0A-B774-D51127BE25C7}
		{5991B013-02CC-463F-B898-CF32C3E7218E} = {F8D397AE-08AE-48DC-AFAB-E32C95701E5B}
		{459E5A26-8F2F-4933-AED9-7F5C96C94421} = {44C0A382-306A-4E63-9F29-3D21CEC3CDCD}
		{08671C7A-C696-4A08-938B-FFAD25A5604D} = {A123B134-07FA-4296-8C48-FA587A3271B0}
		{FC78562C-9103-4477-9DF3-B0C6E025D341} = {F27B4625-3FBA-4012-966A-C3E2C3CE576A}
		{72D26442-FF39-438F-A920-FFD8CBB9282A} = {F6DCE002-BA32-4A50-8C29-D8F8118C866A}
		{B344909A-E63D-49A5-ADF6-B31CF7DC86DB} = {B43189BD-BBDC-401B-A720-C363074976C4}
		{9BAF2C36-41E2-491B-98A5-AC0BC0492FE5} = {F22DE1AC-6E16-4E62-8A2F-DBF0B0181507}
		{B5BCDF0A-F8E7-4108-9AD6-3B8FA7DC4BD5} = {19AA8102-EEB6-4BF5-8951-80F5E6A7130A}
		{BEB4F0FD-12FF-4761-A729-BEBF7B24DA93} = {EA4CCFEB-81D9-41CF-AF38-A1C9D066126C}
		{2686D3A7-1631-4943-BCFE-E099ED470D84} = {EA4CCFEB-81D9-41CF-AF38-A1C9D066126C}
		{95D68FBA-4338-4AED-B83D-A490711411AF} = {A2FEE4E0-1233-4B77-ABF7-EAEEF5AF56D0}
		{F6095BD3-BB61-4B78-9B35-0EC15217ED20} = {BF246011-871B-4DFD-89B7-753EA4F8AA43}
		{7EEA7B76-C73A-498D-8661-BB3EEA3C816D} = {449F802E-AF41-439E-8935-F98D0B887B43}
		{AD2B2ABE-87A9-43CE-942D-EAC8D4FE6AC3} = {449F802E-AF41-439E-8935-F98D0B887B43}
		{0F55763B-8E05-4613-B155-6CAE746E901C} = {449F802E-AF41-439E-8935-F98D0B887B43}
		{09A8B859-CC0E-4706-99C4-7EA079B7F200} = {A099C9E2-8ADF-4FF8-8129-79E83DB439C7}
		{E9D933F0-CD10-44B2-A2F0-61B6A6FB947F} = {A099C9E2-8ADF-4FF8-8129-79E83DB439C7}
		{56336870-554C-485C-A321-7832C5DE8BB7} = {C7F3AFEA-BF4B-4609-A46D-A7601EEB602B}
		{FB5E082E-080A-4DBB-A918-5D9C7B12A4FA} = {C7F3AFEA-BF4B-4609-A46D-A7601EEB602B}
		{533C3B74-42A7-4211-B0CA-39409F7AF54A} = {C7F3AFEA-BF4B-4609-A46D-A7601EEB602B}
		{2EB13C3B-8351-4245-AF11-A93224267802} = {011C5CFC-665E-46DB-B120-A328DC308D3E}
		{A8C0CFF2-0FC0-4C72-9C58-8E02AB0747E0} = {38518F0B-69BF-452A-9CC1-21BD146D3BFF}
		{92E78D64-8074-43AB-8B07-72738192BA9A} = {38518F0B-69BF-452A-9CC1-21BD146D3BFF}
		{EE5A6E94-701B-47CA-9547-330871E9DDE9} = {B0233728-D62D-43CF-89C3-F6D5CA2C8D2E}
		{3079F1B8-0815-44B9-AD99-C726D8227564} = {B0233728-D62D-43CF-89C3-F6D5CA2C8D2E}
		{AA408DA8-82B0-4F31-9CB5-9C8F2DAB1F2B} = {05B014C2-1BE9-4BDD-9E76-531A5EA37CED}
		{31076F67-7D71-4A0F-902B-88B9E439978B} = {D35C9493-B5EE-49B8-B1CD-A7A534E0C920}
		{A348AD73-685D-4945-A8E9-982662D552C9} = {45EB090C-A3AE-4246-BA73-7F74B810324D}
		{6ED4B104-1CC9-4012-B61E-968CB370E587} = {45EB090C-A3AE-4246-BA73-7F74B810324D}
		{478FC2E2-EE1C-4350-B3BF-FDB9E879720B} = {C9DE58DA-111D-41D5-9703-35C0FA75D3AA}
		{35E62154-6FA6-4E30-A7C8-54508DDA49A0} = {2097A682-4BC3-43EF-87C3-65945CE265B7}
		{21F59071-9B9D-4DF4-8041-03303E4FC655} = {2097A682-4BC3-43EF-87C3-65945CE265B7}
		{FF577291-63DA-43D3-8DDF-A714B827C020} = {1C172815-618E-49CB-81EA-C397392A6E98}
		{4EBE6707-9426-45AC-8478-DBDC56BF015E} = {8BF6FAF8-BFEB-4606-B9B8-E8815CFD7CD3}
		{1F1398F7-A4B1-458A-B164-4866DAA20CE8} = {2D4AFE8B-0CE0-47EB-87E9-D6986AD7C9CA}
		{16897CC6-DBE7-473C-A388-A1C7CDDD5273} = {5168DB15-4707-408A-94F1-3E6F5FDB719F}
		{63E60543-E32D-44B6-A73E-EABD7AF3F752} = {5168DB15-4707-408A-94F1-3E6F5FDB719F}
	EndGlobalSection
	GlobalSection(ExtensibilityGlobals) = postSolution
		SolutionGuid = {77BBA6EC-390D-4C44-8B13-2FC736C5E9F9}
	EndGlobalSection
EndGlobal
